
Microsoft Visual Studio Solution File, Format Version 12.00
# Visual Studio 15
VisualStudioVersion = 15.0.28307.329
MinimumVisualStudioVersion = 10.0.40219.1
Project("{FAE04EC0-301F-11D3-BF4B-00C04F79EFBC}") = "TodoApi", "TodoApi\TodoApi.csproj", "{45154ACA-C4AF-4B64-AFDF-E4704E187074}"
EndProject
Global
	GlobalSection(SolutionConfigurationPlatforms) = preSolution
		Debug|Any CPU = Debug|Any CPU
		Release|Any CPU = Release|Any CPU
	EndGlobalSection
	GlobalSection(ProjectConfigurationPlatforms) = postSolution
		{45154ACA-C4AF-4B64-AFDF-E4704E187074}.Debug|Any CPU.ActiveCfg = Debug|Any CPU
		{45154ACA-C4AF-4B64-AFDF-E4704E187074}.Debug|Any CPU.Build.0 = Debug|Any CPU
		{45154ACA-C4AF-4B64-AFDF-E4704E187074}.Release|Any CPU.ActiveCfg = Release|Any CPU
		{45154ACA-C4AF-4B64-AFDF-E4704E187074}.Release|Any CPU.Build.0 = Release|Any CPU
	EndGlobalSection
	GlobalSection(SolutionProperties) = preSolution
		HideSolutionNode = FALSE
	EndGlobalSection
	GlobalSection(ExtensibilityGlobals) = postSolution
		SolutionGuid = {247A8EF0-CECF-4109-B362-FF313027FD28}
	EndGlobalSection
EndGlobal
